
Microsoft Visual Studio Solution File, Format Version 12.00
# Visual Studio Version 16
VisualStudioVersion = 16.0.31424.327
MinimumVisualStudioVersion = 10.0.40219.1
Project("{FAE04EC0-301F-11D3-BF4B-00C04F79EFBC}") = "PesanRahasia", "PesanRahasia\PesanRahasia.csproj", "{10C534D7-5FA3-4D78-B042-8A2BF205160D}"
EndProject
Project("{FAE04EC0-301F-11D3-BF4B-00C04F79EFBC}") = "SusunanAngka", "SusunanAngka\SusunanAngka.csproj", "{6A663739-8309-4EC7-A4F2-C196B0AB93D5}"
EndProject
Global
	GlobalSection(SolutionConfigurationPlatforms) = preSolution
		Debug|Any CPU = Debug|Any CPU
		Release|Any CPU = Release|Any CPU
	EndGlobalSection
	GlobalSection(ProjectConfigurationPlatforms) = postSolution
		{10C534D7-5FA3-4D78-B042-8A2BF205160D}.Debug|Any CPU.ActiveCfg = Debug|Any CPU
		{10C534D7-5FA3-4D78-B042-8A2BF205160D}.Debug|Any CPU.Build.0 = Debug|Any CPU
		{10C534D7-5FA3-4D78-B042-8A2BF205160D}.Release|Any CPU.ActiveCfg = Release|Any CPU
		{10C534D7-5FA3-4D78-B042-8A2BF205160D}.Release|Any CPU.Build.0 = Release|Any CPU
		{6A663739-8309-4EC7-A4F2-C196B0AB93D5}.Debug|Any CPU.ActiveCfg = Debug|Any CPU
		{6A663739-8309-4EC7-A4F2-C196B0AB93D5}.Debug|Any CPU.Build.0 = Debug|Any CPU
		{6A663739-8309-4EC7-A4F2-C196B0AB93D5}.Release|Any CPU.ActiveCfg = Release|Any CPU
		{6A663739-8309-4EC7-A4F2-C196B0AB93D5}.Release|Any CPU.Build.0 = Release|Any CPU
	EndGlobalSection
	GlobalSection(SolutionProperties) = preSolution
		HideSolutionNode = FALSE
	EndGlobalSection
	GlobalSection(ExtensibilityGlobals) = postSolution
		SolutionGuid = {0467DA7B-4EF7-4BF9-99DA-1A3923598016}
	EndGlobalSection
EndGlobal
